
Microsoft Visual Studio Solution File, Format Version 12.00
# Visual Studio Version 17
VisualStudioVersion = 17.8.34330.188
MinimumVisualStudioVersion = 10.0.40219.1
Project("{FAE04EC0-301F-11D3-BF4B-00C04F79EFBC}") = "Lesson3", "Lesson3\Lesson3.csproj", "{915D3F76-A73F-4EA0-80CA-2D23F8F1DDB1}"
EndProject
Global
	GlobalSection(SolutionConfigurationPlatforms) = preSolution
		Debug|Any CPU = Debug|Any CPU
		Release|Any CPU = Release|Any CPU
	EndGlobalSection
	GlobalSection(ProjectConfigurationPlatforms) = postSolution
		{915D3F76-A73F-4EA0-80CA-2D23F8F1DDB1}.Debug|Any CPU.ActiveCfg = Debug|Any CPU
		{915D3F76-A73F-4EA0-80CA-2D23F8F1DDB1}.Debug|Any CPU.Build.0 = Debug|Any CPU
		{915D3F76-A73F-4EA0-80CA-2D23F8F1DDB1}.Release|Any CPU.ActiveCfg = Release|Any CPU
		{915D3F76-A73F-4EA0-80CA-2D23F8F1DDB1}.Release|Any CPU.Build.0 = Release|Any CPU
	EndGlobalSection
	GlobalSection(SolutionProperties) = preSolution
		HideSolutionNode = FALSE
	EndGlobalSection
	GlobalSection(ExtensibilityGlobals) = postSolution
		SolutionGuid = {C7AD2AE1-982E-4C0A-B958-55CB3D6B0599}
	EndGlobalSection
EndGlobal
