
Microsoft Visual Studio Solution File, Format Version 12.00
# Visual Studio Version 17
VisualStudioVersion = 17.8.34330.188
MinimumVisualStudioVersion = 10.0.40219.1
Project("{FAE04EC0-301F-11D3-BF4B-00C04F79EFBC}") = "Lesson5", "Lesson5\Lesson5.csproj", "{ED4D95AE-1AC3-42A2-B00E-B49364EBE2C1}"
EndProject
Global
	GlobalSection(SolutionConfigurationPlatforms) = preSolution
		Debug|Any CPU = Debug|Any CPU
		Release|Any CPU = Release|Any CPU
	EndGlobalSection
	GlobalSection(ProjectConfigurationPlatforms) = postSolution
		{ED4D95AE-1AC3-42A2-B00E-B49364EBE2C1}.Debug|Any CPU.ActiveCfg = Debug|Any CPU
		{ED4D95AE-1AC3-42A2-B00E-B49364EBE2C1}.Debug|Any CPU.Build.0 = Debug|Any CPU
		{ED4D95AE-1AC3-42A2-B00E-B49364EBE2C1}.Release|Any CPU.ActiveCfg = Release|Any CPU
		{ED4D95AE-1AC3-42A2-B00E-B49364EBE2C1}.Release|Any CPU.Build.0 = Release|Any CPU
	EndGlobalSection
	GlobalSection(SolutionProperties) = preSolution
		HideSolutionNode = FALSE
	EndGlobalSection
	GlobalSection(ExtensibilityGlobals) = postSolution
		SolutionGuid = {66100D8D-B604-4BED-873E-9CC4B04D7B8A}
	EndGlobalSection
EndGlobal
